
Microsoft Visual Studio Solution File, Format Version 12.00
# Visual Studio 15
VisualStudioVersion = 15.0.26730.8
MinimumVisualStudioVersion = 10.0.40219.1
Project("{FAE04EC0-301F-11D3-BF4B-00C04F79EFBC}") = "DAL", "DAL\DAL.csproj", "{56069CE9-4B34-42F8-967C-116352968802}"
EndProject
Global
	GlobalSection(SolutionConfigurationPlatforms) = preSolution
		Debug|Any CPU = Debug|Any CPU
		Release|Any CPU = Release|Any CPU
	EndGlobalSection
	GlobalSection(ProjectConfigurationPlatforms) = postSolution
		{56069CE9-4B34-42F8-967C-116352968802}.Debug|Any CPU.ActiveCfg = Debug|Any CPU
		{56069CE9-4B34-42F8-967C-116352968802}.Debug|Any CPU.Build.0 = Debug|Any CPU
		{56069CE9-4B34-42F8-967C-116352968802}.Release|Any CPU.ActiveCfg = Release|Any CPU
		{56069CE9-4B34-42F8-967C-116352968802}.Release|Any CPU.Build.0 = Release|Any CPU
	EndGlobalSection
	GlobalSection(SolutionProperties) = preSolution
		HideSolutionNode = FALSE
	EndGlobalSection
	GlobalSection(ExtensibilityGlobals) = postSolution
		SolutionGuid = {707D3C3C-7D67-445D-B73B-946B4DC3E18D}
	EndGlobalSection
EndGlobal
