
Microsoft Visual Studio Solution File, Format Version 12.00
# Visual Studio 15
VisualStudioVersion = 15.0.26730.8
MinimumVisualStudioVersion = 10.0.40219.1
Project("{FAE04EC0-301F-11D3-BF4B-00C04F79EFBC}") = "DTO", "DTO\DTO.csproj", "{C55DBB5C-2677-4B43-B308-F5297B5D5907}"
EndProject
Global
	GlobalSection(SolutionConfigurationPlatforms) = preSolution
		Debug|Any CPU = Debug|Any CPU
		Release|Any CPU = Release|Any CPU
	EndGlobalSection
	GlobalSection(ProjectConfigurationPlatforms) = postSolution
		{C55DBB5C-2677-4B43-B308-F5297B5D5907}.Debug|Any CPU.ActiveCfg = Debug|Any CPU
		{C55DBB5C-2677-4B43-B308-F5297B5D5907}.Debug|Any CPU.Build.0 = Debug|Any CPU
		{C55DBB5C-2677-4B43-B308-F5297B5D5907}.Release|Any CPU.ActiveCfg = Release|Any CPU
		{C55DBB5C-2677-4B43-B308-F5297B5D5907}.Release|Any CPU.Build.0 = Release|Any CPU
	EndGlobalSection
	GlobalSection(SolutionProperties) = preSolution
		HideSolutionNode = FALSE
	EndGlobalSection
	GlobalSection(ExtensibilityGlobals) = postSolution
		SolutionGuid = {A855BB73-09B9-4866-95B5-7BF85F3DC696}
	EndGlobalSection
EndGlobal
